
Microsoft Visual Studio Solution File, Format Version 12.00
# Visual Studio Version 16
VisualStudioVersion = 16.0.29709.97
MinimumVisualStudioVersion = 10.0.40219.1
Project("{FAE04EC0-301F-11D3-BF4B-00C04F79EFBC}") = "data-storage", "consumer-services\data-storage.csproj", "{46FDB5C6-2FB2-47B6-A6DA-600C53A4468F}"
EndProject
Project("{FAE04EC0-301F-11D3-BF4B-00C04F79EFBC}") = "configuration", "configuration\configuration.csproj", "{C82B2394-9FD5-43DB-892C-036FA5F0CB9D}"
EndProject
Project("{FAE04EC0-301F-11D3-BF4B-00C04F79EFBC}") = "data-analysis", "data-analysis\data-analysis.csproj", "{1D78A508-81DC-4D20-B906-16DB49B909D2}"
EndProject
Global
	GlobalSection(SolutionConfigurationPlatforms) = preSolution
		Debug|Any CPU = Debug|Any CPU
		Release|Any CPU = Release|Any CPU
	EndGlobalSection
	GlobalSection(ProjectConfigurationPlatforms) = postSolution
		{46FDB5C6-2FB2-47B6-A6DA-600C53A4468F}.Debug|Any CPU.ActiveCfg = Debug|Any CPU
		{46FDB5C6-2FB2-47B6-A6DA-600C53A4468F}.Debug|Any CPU.Build.0 = Debug|Any CPU
		{46FDB5C6-2FB2-47B6-A6DA-600C53A4468F}.Release|Any CPU.ActiveCfg = Release|Any CPU
		{46FDB5C6-2FB2-47B6-A6DA-600C53A4468F}.Release|Any CPU.Build.0 = Release|Any CPU
		{C82B2394-9FD5-43DB-892C-036FA5F0CB9D}.Debug|Any CPU.ActiveCfg = Debug|Any CPU
		{C82B2394-9FD5-43DB-892C-036FA5F0CB9D}.Debug|Any CPU.Build.0 = Debug|Any CPU
		{C82B2394-9FD5-43DB-892C-036FA5F0CB9D}.Release|Any CPU.ActiveCfg = Release|Any CPU
		{C82B2394-9FD5-43DB-892C-036FA5F0CB9D}.Release|Any CPU.Build.0 = Release|Any CPU
		{1D78A508-81DC-4D20-B906-16DB49B909D2}.Debug|Any CPU.ActiveCfg = Debug|Any CPU
		{1D78A508-81DC-4D20-B906-16DB49B909D2}.Debug|Any CPU.Build.0 = Debug|Any CPU
		{1D78A508-81DC-4D20-B906-16DB49B909D2}.Release|Any CPU.ActiveCfg = Release|Any CPU
		{1D78A508-81DC-4D20-B906-16DB49B909D2}.Release|Any CPU.Build.0 = Release|Any CPU
	EndGlobalSection
	GlobalSection(SolutionProperties) = preSolution
		HideSolutionNode = FALSE
	EndGlobalSection
	GlobalSection(ExtensibilityGlobals) = postSolution
		SolutionGuid = {1BB77525-15AC-44F0-A1D9-7185B99B60AA}
	EndGlobalSection
EndGlobal
